<?xml version="1.0" encoding="UTF-8" standalone="yes" ?>
<CodeBlocks_project_file>
	<FileVersion major="1" minor="6" />
	<Project>
		<Option title="DungeonGame" />
		<Option pch_mode="2" />
		<Option compiler="gcc" />
		<Build>
			<Target title="Win32 Release">
				<Option output="C:/Users/vatjuska.TESTLAB/Downloads/Omat Projektit/KDSAngband (Project)/Release/KDS" prefix_auto="1" extension_auto="1" />
				<Option object_output="Release" />
				<Option type="1" />
				<Option compiler="gcc" />
				<Compiler>
					<Add option="-W" />
					<Add option="-fexceptions" />
					<Add option="-O2" />
					<Add option="-DWIN32" />
					<Add option="-DNDEBUG" />
					<Add option="-D_CONSOLE" />
					<Add option="-D_MBCS" />
				</Compiler>
				<Linker>
					<Add library="kernel32" />
					<Add library="user32" />
					<Add library="gdi32" />
					<Add library="winspool" />
					<Add library="comdlg32" />
					<Add library="advapi32" />
					<Add library="shell32" />
					<Add library="ole32" />
					<Add library="oleaut32" />
					<Add library="uuid" />
					<Add library="odbc32" />
					<Add library="odbccp32" />
				</Linker>
			</Target>
			<Target title="Win32 Debug">
				<Option output="C:/Users/vatjuska.TESTLAB/Downloads/Omat Projektit/KDSAngband (Project)/Debug/KDS" prefix_auto="1" extension_auto="1" />
				<Option object_output="Debug" />
				<Option type="1" />
				<Option compiler="gcc" />
				<Compiler>
					<Add option="-g" />
					<Add option="-W" />
					<Add option="-fexceptions" />
					<Add option="-DWIN32" />
					<Add option="-D_DEBUG" />
					<Add option="-D_CONSOLE" />
					<Add option="-D_MBCS" />
				</Compiler>
				<Linker>
					<Add library="kernel32" />
					<Add library="user32" />
					<Add library="gdi32" />
					<Add library="winspool" />
					<Add library="comdlg32" />
					<Add library="advapi32" />
					<Add library="shell32" />
					<Add library="ole32" />
					<Add library="oleaut32" />
					<Add library="uuid" />
					<Add library="odbc32" />
					<Add library="odbccp32" />
					<Add library="opengl32" />
					<Add library="freeglut" />
				</Linker>
			</Target>
		</Build>
		<Linker>
			<Add library="opengl32" />
			<Add library="freeglut" />
		</Linker>
		<Unit filename="actions.c">
			<Option compilerVar="CC" />
		</Unit>
		<Unit filename="character.c">
			<Option compilerVar="CC" />
		</Unit>
		<Unit filename="game.h" />
		<Unit filename="game.ico" />
		<Unit filename="game.rc">
			<Option compilerVar="WINDRES" />
		</Unit>
		<Unit filename="glut_engine.c">
			<Option compilerVar="CC" />
		</Unit>
		<Unit filename="glut_engine.h" />
		<Unit filename="help.c">
			<Option compilerVar="CC" />
		</Unit>
		<Unit filename="items.c">
			<Option compilerVar="CC" />
		</Unit>
		<Unit filename="keyhandler.c">
			<Option compilerVar="CC" />
		</Unit>
		<Unit filename="lamp.c">
			<Option compilerVar="CC" />
		</Unit>
		<Unit filename="main.c">
			<Option compilerVar="CC" />
		</Unit>
		<Unit filename="map.c">
			<Option compilerVar="CC" />
		</Unit>
		<Unit filename="movelogic.c">
			<Option compilerVar="CC" />
		</Unit>
		<Unit filename="resource.h" />
		<Extensions>
			<code_completion />
			<envvars />
			<debugger />
		</Extensions>
	</Project>
</CodeBlocks_project_file>
